{
  "name": "client",
  "version": "1.0.0",
  "lockfileVersion": 1,
  "requires": true,
  "dependencies": {
    "lit-html": {
      "version": "1.0.0-rc.2",
      "resolved": "https://registry.npmjs.org/lit-html/-/lit-html-1.0.0-rc.2.tgz",
      "integrity": "sha512-4bq34lhVmwWly1zBXicOBJLOwaWfjOVbchEEmFnZLuztxjh5wRd2WqV0URX8Q47MQ7PaIjn/eXyTRKsYhSAeRw=="
    },
    "typescript": {
      "version": "3.2.2",
      "resolved": "https://registry.npmjs.org/typescript/-/typescript-3.2.2.tgz",
      "integrity": "sha512-VCj5UiSyHBjwfYacmDuc/NOk4QQixbE+Wn7MFJuS0nRuPQbof132Pw4u53dm264O8LPc2MVsc7RJNml5szurkg==",
      "dev": true
    }
  }
}
